
Microsoft Visual Studio Solution File, Format Version 12.00
# Visual Studio Version 17
VisualStudioVersion = 17.7.34031.279
MinimumVisualStudioVersion = 10.0.40219.1
Project("{FAE04EC0-301F-11D3-BF4B-00C04F79EFBC}") = "lab6vane", "lab6vane\lab6vane.csproj", "{6D45533D-D2E8-4C1C-BFCC-7EFA0D00DAC2}"
EndProject
Global
	GlobalSection(SolutionConfigurationPlatforms) = preSolution
		Debug|Any CPU = Debug|Any CPU
		Release|Any CPU = Release|Any CPU
	EndGlobalSection
	GlobalSection(ProjectConfigurationPlatforms) = postSolution
		{6D45533D-D2E8-4C1C-BFCC-7EFA0D00DAC2}.Debug|Any CPU.ActiveCfg = Debug|Any CPU
		{6D45533D-D2E8-4C1C-BFCC-7EFA0D00DAC2}.Debug|Any CPU.Build.0 = Debug|Any CPU
		{6D45533D-D2E8-4C1C-BFCC-7EFA0D00DAC2}.Release|Any CPU.ActiveCfg = Release|Any CPU
		{6D45533D-D2E8-4C1C-BFCC-7EFA0D00DAC2}.Release|Any CPU.Build.0 = Release|Any CPU
	EndGlobalSection
	GlobalSection(SolutionProperties) = preSolution
		HideSolutionNode = FALSE
	EndGlobalSection
	GlobalSection(ExtensibilityGlobals) = postSolution
		SolutionGuid = {CC0E56AF-FC13-43B4-BA75-DECD6FDE759E}
	EndGlobalSection
EndGlobal
